
Microsoft Visual Studio Solution File, Format Version 12.00
# Visual Studio Version 17
VisualStudioVersion = 17.0.31903.59
MinimumVisualStudioVersion = 10.0.40219.1
Project("{FAE04EC0-301F-11D3-BF4B-00C04F79EFBC}") = "MySecondConsoleApp1", "MySecondConsoleApp1\MySecondConsoleApp1.csproj", "{1A86F082-0411-4B55-88C3-5AA4D73C5AFD}"
EndProject
Project("{FAE04EC0-301F-11D3-BF4B-00C04F79EFBC}") = "AddTwoNumberAss1", "AddTwoNumberAss1\AddTwoNumberAss1.csproj", "{BCCEC2FF-8583-4197-8EDF-F9F6D3F5E8BC}"
EndProject
Project("{FAE04EC0-301F-11D3-BF4B-00C04F79EFBC}") = "WhileLoopAndDoWhile", "WhileLoopAndDoWhile\WhileLoopAndDoWhile.csproj", "{7064B33E-1595-49C1-AF61-0CFD66C99945}"
EndProject
Project("{FAE04EC0-301F-11D3-BF4B-00C04F79EFBC}") = "Assignment3", "Assignment3\Assignment3.csproj", "{24E8DBD3-72C2-4234-A25E-AC8FCDAA9F1F}"
EndProject
Project("{FAE04EC0-301F-11D3-BF4B-00C04F79EFBC}") = "PracticeApp", "PracticeApp\PracticeApp.csproj", "{C5B3AA5A-7135-4792-B937-E605C6B14167}"
EndProject
Project("{FAE04EC0-301F-11D3-BF4B-00C04F79EFBC}") = "CollectionData", "CollectionData\CollectionData.csproj", "{52908409-8024-48BD-8215-16B8062AFC6D}"
EndProject
Project("{FAE04EC0-301F-11D3-BF4B-00C04F79EFBC}") = "EmployeeSystem", "EmployeeSystem\EmployeeSystem.csproj", "{FE7F4C1A-07EA-4299-BE4C-25858DDF92A0}"
EndProject
Project("{FAE04EC0-301F-11D3-BF4B-00C04F79EFBC}") = "TrackingSystem", "TrackingSystem\TrackingSystem.csproj", "{F1D21A36-A038-463C-A559-0D16DEB54EF5}"
EndProject
Project("{FAE04EC0-301F-11D3-BF4B-00C04F79EFBC}") = "TestApp", "TestApp\TestApp.csproj", "{3507057C-4847-470A-A0CF-8D569E1F5FA7}"
EndProject
Project("{FAE04EC0-301F-11D3-BF4B-00C04F79EFBC}") = "StudentCard", "StudentCard\StudentCard.csproj", "{3868AC2B-0FCD-4487-9A9A-28343B8A96AA}"
EndProject
Project("{FAE04EC0-301F-11D3-BF4B-00C04F79EFBC}") = "ContactBook", "ContactBook\ContactBook.csproj", "{C664CCFB-ED7C-479C-85B9-46D3C2F3E0AA}"
EndProject
Project("{FAE04EC0-301F-11D3-BF4B-00C04F79EFBC}") = "LinqApp", "LinqApp\LinqApp.csproj", "{6177B03E-398F-421B-B554-357F6766756F}"
EndProject
Project("{FAE04EC0-301F-11D3-BF4B-00C04F79EFBC}") = "OrderApp", "OrderApp\OrderApp.csproj", "{1940E19E-53CC-438F-9FE1-DC6CE7BA5152}"
EndProject
Project("{FAE04EC0-301F-11D3-BF4B-00C04F79EFBC}") = "task1", "task1\task1.csproj", "{9AF07EE9-0DED-4C2D-B7E1-518B4E825CC7}"
EndProject
Project("{FAE04EC0-301F-11D3-BF4B-00C04F79EFBC}") = "LibraryManagementSystem", "LibraryManagementSystem\LibraryManagementSystem.csproj", "{1EE948F0-F4AF-4D92-9E20-84ED8B98B555}"
EndProject
Project("{FAE04EC0-301F-11D3-BF4B-00C04F79EFBC}") = "InheritanceClass", "InheritanceClass\InheritanceClass.csproj", "{94326389-FA14-478B-B1DA-676488A4C038}"
EndProject
Project("{FAE04EC0-301F-11D3-BF4B-00C04F79EFBC}") = "VehicleManagement", "VehicleManagement\VehicleManagement.csproj", "{0ED46AF4-EE05-4099-B711-EC9C63B5F03F}"
EndProject
Project("{FAE04EC0-301F-11D3-BF4B-00C04F79EFBC}") = "ZooAnimal", "ZooAnimal\ZooAnimal.csproj", "{190C1FDF-689A-43E5-830D-9F3BF81A2783}"
EndProject
Project("{FAE04EC0-301F-11D3-BF4B-00C04F79EFBC}") = "UniversitySystem", "UniversitySystem\UniversitySystem.csproj", "{44CD35BF-9FE9-44FA-9CFB-7F88443186F8}"
EndProject
Project("{FAE04EC0-301F-11D3-BF4B-00C04F79EFBC}") = "FileOperation", "FileOperation\FileOperation.csproj", "{5EBCDC75-2456-4114-BA99-6CC29BFAFADD}"
EndProject
Project("{FAE04EC0-301F-11D3-BF4B-00C04F79EFBC}") = "AssignmentTask", "AssignmentTask\AssignmentTask.csproj", "{EE0F4880-097D-4231-B691-976A947A3248}"
EndProject
Project("{FAE04EC0-301F-11D3-BF4B-00C04F79EFBC}") = "StudentPerformanceManager", "StudentPerformanceManager\StudentPerformanceManager.csproj", "{D9F95AA7-0927-4FB1-944B-F46993B77710}"
EndProject
Project("{FAE04EC0-301F-11D3-BF4B-00C04F79EFBC}") = "Database", "Database\Database.csproj", "{3A0FD571-2BCB-4DE0-9178-276BD85871BE}"
EndProject
Project("{FAE04EC0-301F-11D3-BF4B-00C04F79EFBC}") = "StudentReportData", "StudentReportData\StudentReportData.csproj", "{0D56D043-1327-4E8D-BA2F-BA06F696C6C4}"
EndProject
Project("{FAE04EC0-301F-11D3-BF4B-00C04F79EFBC}") = "StudentWebApplication", "StudentWebApplication\StudentWebApplication.csproj", "{D737AF57-BF47-4791-876B-C72B18BDB887}"
EndProject
Project("{FAE04EC0-301F-11D3-BF4B-00C04F79EFBC}") = "StudentOperation", "StudentOperation\StudentOperation.csproj", "{090D3F12-10B2-452D-B58A-00D6C5CDD249}"
EndProject
Project("{FAE04EC0-301F-11D3-BF4B-00C04F79EFBC}") = "UniversityOperation", "UniversityOperation\UniversityOperation.csproj", "{06B1C64E-DE03-484B-BB1E-6884556B44A8}"
EndProject
Project("{FAE04EC0-301F-11D3-BF4B-00C04F79EFBC}") = "TicTacToe", "TicTacToe\TicTacToe.csproj", "{A2C13DED-E44D-45F6-97F7-7CA09BF94B59}"
EndProject
Project("{FAE04EC0-301F-11D3-BF4B-00C04F79EFBC}") = "MultiplicationTable", "MultiplicationTable\MultiplicationTable.csproj", "{4AB35676-D71E-4EF3-BA47-92CD16FDB7C4}"
EndProject
Global
	GlobalSection(SolutionConfigurationPlatforms) = preSolution
		Debug|Any CPU = Debug|Any CPU
		Debug|x64 = Debug|x64
		Debug|x86 = Debug|x86
		Release|Any CPU = Release|Any CPU
		Release|x64 = Release|x64
		Release|x86 = Release|x86
	EndGlobalSection
	GlobalSection(ProjectConfigurationPlatforms) = postSolution
		{1A86F082-0411-4B55-88C3-5AA4D73C5AFD}.Debug|Any CPU.ActiveCfg = Debug|Any CPU
		{1A86F082-0411-4B55-88C3-5AA4D73C5AFD}.Debug|Any CPU.Build.0 = Debug|Any CPU
		{1A86F082-0411-4B55-88C3-5AA4D73C5AFD}.Debug|x64.ActiveCfg = Debug|Any CPU
		{1A86F082-0411-4B55-88C3-5AA4D73C5AFD}.Debug|x64.Build.0 = Debug|Any CPU
		{1A86F082-0411-4B55-88C3-5AA4D73C5AFD}.Debug|x86.ActiveCfg = Debug|Any CPU
		{1A86F082-0411-4B55-88C3-5AA4D73C5AFD}.Debug|x86.Build.0 = Debug|Any CPU
		{1A86F082-0411-4B55-88C3-5AA4D73C5AFD}.Release|Any CPU.ActiveCfg = Release|Any CPU
		{1A86F082-0411-4B55-88C3-5AA4D73C5AFD}.Release|Any CPU.Build.0 = Release|Any CPU
		{1A86F082-0411-4B55-88C3-5AA4D73C5AFD}.Release|x64.ActiveCfg = Release|Any CPU
		{1A86F082-0411-4B55-88C3-5AA4D73C5AFD}.Release|x64.Build.0 = Release|Any CPU
		{1A86F082-0411-4B55-88C3-5AA4D73C5AFD}.Release|x86.ActiveCfg = Release|Any CPU
		{1A86F082-0411-4B55-88C3-5AA4D73C5AFD}.Release|x86.Build.0 = Release|Any CPU
		{BCCEC2FF-8583-4197-8EDF-F9F6D3F5E8BC}.Debug|Any CPU.ActiveCfg = Debug|Any CPU
		{BCCEC2FF-8583-4197-8EDF-F9F6D3F5E8BC}.Debug|Any CPU.Build.0 = Debug|Any CPU
		{BCCEC2FF-8583-4197-8EDF-F9F6D3F5E8BC}.Debug|x64.ActiveCfg = Debug|Any CPU
		{BCCEC2FF-8583-4197-8EDF-F9F6D3F5E8BC}.Debug|x64.Build.0 = Debug|Any CPU
		{BCCEC2FF-8583-4197-8EDF-F9F6D3F5E8BC}.Debug|x86.ActiveCfg = Debug|Any CPU
		{BCCEC2FF-8583-4197-8EDF-F9F6D3F5E8BC}.Debug|x86.Build.0 = Debug|Any CPU
		{BCCEC2FF-8583-4197-8EDF-F9F6D3F5E8BC}.Release|Any CPU.ActiveCfg = Release|Any CPU
		{BCCEC2FF-8583-4197-8EDF-F9F6D3F5E8BC}.Release|Any CPU.Build.0 = Release|Any CPU
		{BCCEC2FF-8583-4197-8EDF-F9F6D3F5E8BC}.Release|x64.ActiveCfg = Release|Any CPU
		{BCCEC2FF-8583-4197-8EDF-F9F6D3F5E8BC}.Release|x64.Build.0 = Release|Any CPU
		{BCCEC2FF-8583-4197-8EDF-F9F6D3F5E8BC}.Release|x86.ActiveCfg = Release|Any CPU
		{BCCEC2FF-8583-4197-8EDF-F9F6D3F5E8BC}.Release|x86.Build.0 = Release|Any CPU
		{7064B33E-1595-49C1-AF61-0CFD66C99945}.Debug|Any CPU.ActiveCfg = Debug|Any CPU
		{7064B33E-1595-49C1-AF61-0CFD66C99945}.Debug|Any CPU.Build.0 = Debug|Any CPU
		{7064B33E-1595-49C1-AF61-0CFD66C99945}.Debug|x64.ActiveCfg = Debug|Any CPU
		{7064B33E-1595-49C1-AF61-0CFD66C99945}.Debug|x64.Build.0 = Debug|Any CPU
		{7064B33E-1595-49C1-AF61-0CFD66C99945}.Debug|x86.ActiveCfg = Debug|Any CPU
		{7064B33E-1595-49C1-AF61-0CFD66C99945}.Debug|x86.Build.0 = Debug|Any CPU
		{7064B33E-1595-49C1-AF61-0CFD66C99945}.Release|Any CPU.ActiveCfg = Release|Any CPU
		{7064B33E-1595-49C1-AF61-0CFD66C99945}.Release|Any CPU.Build.0 = Release|Any CPU
		{7064B33E-1595-49C1-AF61-0CFD66C99945}.Release|x64.ActiveCfg = Release|Any CPU
		{7064B33E-1595-49C1-AF61-0CFD66C99945}.Release|x64.Build.0 = Release|Any CPU
		{7064B33E-1595-49C1-AF61-0CFD66C99945}.Release|x86.ActiveCfg = Release|Any CPU
		{7064B33E-1595-49C1-AF61-0CFD66C99945}.Release|x86.Build.0 = Release|Any CPU
		{24E8DBD3-72C2-4234-A25E-AC8FCDAA9F1F}.Debug|Any CPU.ActiveCfg = Debug|Any CPU
		{24E8DBD3-72C2-4234-A25E-AC8FCDAA9F1F}.Debug|Any CPU.Build.0 = Debug|Any CPU
		{24E8DBD3-72C2-4234-A25E-AC8FCDAA9F1F}.Debug|x64.ActiveCfg = Debug|Any CPU
		{24E8DBD3-72C2-4234-A25E-AC8FCDAA9F1F}.Debug|x64.Build.0 = Debug|Any CPU
		{24E8DBD3-72C2-4234-A25E-AC8FCDAA9F1F}.Debug|x86.ActiveCfg = Debug|Any CPU
		{24E8DBD3-72C2-4234-A25E-AC8FCDAA9F1F}.Debug|x86.Build.0 = Debug|Any CPU
		{24E8DBD3-72C2-4234-A25E-AC8FCDAA9F1F}.Release|Any CPU.ActiveCfg = Release|Any CPU
		{24E8DBD3-72C2-4234-A25E-AC8FCDAA9F1F}.Release|Any CPU.Build.0 = Release|Any CPU
		{24E8DBD3-72C2-4234-A25E-AC8FCDAA9F1F}.Release|x64.ActiveCfg = Release|Any CPU
		{24E8DBD3-72C2-4234-A25E-AC8FCDAA9F1F}.Release|x64.Build.0 = Release|Any CPU
		{24E8DBD3-72C2-4234-A25E-AC8FCDAA9F1F}.Release|x86.ActiveCfg = Release|Any CPU
		{24E8DBD3-72C2-4234-A25E-AC8FCDAA9F1F}.Release|x86.Build.0 = Release|Any CPU
		{C5B3AA5A-7135-4792-B937-E605C6B14167}.Debug|Any CPU.ActiveCfg = Debug|Any CPU
		{C5B3AA5A-7135-4792-B937-E605C6B14167}.Debug|Any CPU.Build.0 = Debug|Any CPU
		{C5B3AA5A-7135-4792-B937-E605C6B14167}.Debug|x64.ActiveCfg = Debug|Any CPU
		{C5B3AA5A-7135-4792-B937-E605C6B14167}.Debug|x64.Build.0 = Debug|Any CPU
		{C5B3AA5A-7135-4792-B937-E605C6B14167}.Debug|x86.ActiveCfg = Debug|Any CPU
		{C5B3AA5A-7135-4792-B937-E605C6B14167}.Debug|x86.Build.0 = Debug|Any CPU
		{C5B3AA5A-7135-4792-B937-E605C6B14167}.Release|Any CPU.ActiveCfg = Release|Any CPU
		{C5B3AA5A-7135-4792-B937-E605C6B14167}.Release|Any CPU.Build.0 = Release|Any CPU
		{C5B3AA5A-7135-4792-B937-E605C6B14167}.Release|x64.ActiveCfg = Release|Any CPU
		{C5B3AA5A-7135-4792-B937-E605C6B14167}.Release|x64.Build.0 = Release|Any CPU
		{C5B3AA5A-7135-4792-B937-E605C6B14167}.Release|x86.ActiveCfg = Release|Any CPU
		{C5B3AA5A-7135-4792-B937-E605C6B14167}.Release|x86.Build.0 = Release|Any CPU
		{52908409-8024-48BD-8215-16B8062AFC6D}.Debug|Any CPU.ActiveCfg = Debug|Any CPU
		{52908409-8024-48BD-8215-16B8062AFC6D}.Debug|Any CPU.Build.0 = Debug|Any CPU
		{52908409-8024-48BD-8215-16B8062AFC6D}.Debug|x64.ActiveCfg = Debug|Any CPU
		{52908409-8024-48BD-8215-16B8062AFC6D}.Debug|x64.Build.0 = Debug|Any CPU
		{52908409-8024-48BD-8215-16B8062AFC6D}.Debug|x86.ActiveCfg = Debug|Any CPU
		{52908409-8024-48BD-8215-16B8062AFC6D}.Debug|x86.Build.0 = Debug|Any CPU
		{52908409-8024-48BD-8215-16B8062AFC6D}.Release|Any CPU.ActiveCfg = Release|Any CPU
		{52908409-8024-48BD-8215-16B8062AFC6D}.Release|Any CPU.Build.0 = Release|Any CPU
		{52908409-8024-48BD-8215-16B8062AFC6D}.Release|x64.ActiveCfg = Release|Any CPU
		{52908409-8024-48BD-8215-16B8062AFC6D}.Release|x64.Build.0 = Release|Any CPU
		{52908409-8024-48BD-8215-16B8062AFC6D}.Release|x86.ActiveCfg = Release|Any CPU
		{52908409-8024-48BD-8215-16B8062AFC6D}.Release|x86.Build.0 = Release|Any CPU
		{FE7F4C1A-07EA-4299-BE4C-25858DDF92A0}.Debug|Any CPU.ActiveCfg = Debug|Any CPU
		{FE7F4C1A-07EA-4299-BE4C-25858DDF92A0}.Debug|Any CPU.Build.0 = Debug|Any CPU
		{FE7F4C1A-07EA-4299-BE4C-25858DDF92A0}.Debug|x64.ActiveCfg = Debug|Any CPU
		{FE7F4C1A-07EA-4299-BE4C-25858DDF92A0}.Debug|x64.Build.0 = Debug|Any CPU
		{FE7F4C1A-07EA-4299-BE4C-25858DDF92A0}.Debug|x86.ActiveCfg = Debug|Any CPU
		{FE7F4C1A-07EA-4299-BE4C-25858DDF92A0}.Debug|x86.Build.0 = Debug|Any CPU
		{FE7F4C1A-07EA-4299-BE4C-25858DDF92A0}.Release|Any CPU.ActiveCfg = Release|Any CPU
		{FE7F4C1A-07EA-4299-BE4C-25858DDF92A0}.Release|Any CPU.Build.0 = Release|Any CPU
		{FE7F4C1A-07EA-4299-BE4C-25858DDF92A0}.Release|x64.ActiveCfg = Release|Any CPU
		{FE7F4C1A-07EA-4299-BE4C-25858DDF92A0}.Release|x64.Build.0 = Release|Any CPU
		{FE7F4C1A-07EA-4299-BE4C-25858DDF92A0}.Release|x86.ActiveCfg = Release|Any CPU
		{FE7F4C1A-07EA-4299-BE4C-25858DDF92A0}.Release|x86.Build.0 = Release|Any CPU
		{F1D21A36-A038-463C-A559-0D16DEB54EF5}.Debug|Any CPU.ActiveCfg = Debug|Any CPU
		{F1D21A36-A038-463C-A559-0D16DEB54EF5}.Debug|Any CPU.Build.0 = Debug|Any CPU
		{F1D21A36-A038-463C-A559-0D16DEB54EF5}.Debug|x64.ActiveCfg = Debug|Any CPU
		{F1D21A36-A038-463C-A559-0D16DEB54EF5}.Debug|x64.Build.0 = Debug|Any CPU
		{F1D21A36-A038-463C-A559-0D16DEB54EF5}.Debug|x86.ActiveCfg = Debug|Any CPU
		{F1D21A36-A038-463C-A559-0D16DEB54EF5}.Debug|x86.Build.0 = Debug|Any CPU
		{F1D21A36-A038-463C-A559-0D16DEB54EF5}.Release|Any CPU.ActiveCfg = Release|Any CPU
		{F1D21A36-A038-463C-A559-0D16DEB54EF5}.Release|Any CPU.Build.0 = Release|Any CPU
		{F1D21A36-A038-463C-A559-0D16DEB54EF5}.Release|x64.ActiveCfg = Release|Any CPU
		{F1D21A36-A038-463C-A559-0D16DEB54EF5}.Release|x64.Build.0 = Release|Any CPU
		{F1D21A36-A038-463C-A559-0D16DEB54EF5}.Release|x86.ActiveCfg = Release|Any CPU
		{F1D21A36-A038-463C-A559-0D16DEB54EF5}.Release|x86.Build.0 = Release|Any CPU
		{3507057C-4847-470A-A0CF-8D569E1F5FA7}.Debug|Any CPU.ActiveCfg = Debug|Any CPU
		{3507057C-4847-470A-A0CF-8D569E1F5FA7}.Debug|Any CPU.Build.0 = Debug|Any CPU
		{3507057C-4847-470A-A0CF-8D569E1F5FA7}.Debug|x64.ActiveCfg = Debug|Any CPU
		{3507057C-4847-470A-A0CF-8D569E1F5FA7}.Debug|x64.Build.0 = Debug|Any CPU
		{3507057C-4847-470A-A0CF-8D569E1F5FA7}.Debug|x86.ActiveCfg = Debug|Any CPU
		{3507057C-4847-470A-A0CF-8D569E1F5FA7}.Debug|x86.Build.0 = Debug|Any CPU
		{3507057C-4847-470A-A0CF-8D569E1F5FA7}.Release|Any CPU.ActiveCfg = Release|Any CPU
		{3507057C-4847-470A-A0CF-8D569E1F5FA7}.Release|Any CPU.Build.0 = Release|Any CPU
		{3507057C-4847-470A-A0CF-8D569E1F5FA7}.Release|x64.ActiveCfg = Release|Any CPU
		{3507057C-4847-470A-A0CF-8D569E1F5FA7}.Release|x64.Build.0 = Release|Any CPU
		{3507057C-4847-470A-A0CF-8D569E1F5FA7}.Release|x86.ActiveCfg = Release|Any CPU
		{3507057C-4847-470A-A0CF-8D569E1F5FA7}.Release|x86.Build.0 = Release|Any CPU
		{3868AC2B-0FCD-4487-9A9A-28343B8A96AA}.Debug|Any CPU.ActiveCfg = Debug|Any CPU
		{3868AC2B-0FCD-4487-9A9A-28343B8A96AA}.Debug|Any CPU.Build.0 = Debug|Any CPU
		{3868AC2B-0FCD-4487-9A9A-28343B8A96AA}.Debug|x64.ActiveCfg = Debug|Any CPU
		{3868AC2B-0FCD-4487-9A9A-28343B8A96AA}.Debug|x64.Build.0 = Debug|Any CPU
		{3868AC2B-0FCD-4487-9A9A-28343B8A96AA}.Debug|x86.ActiveCfg = Debug|Any CPU
		{3868AC2B-0FCD-4487-9A9A-28343B8A96AA}.Debug|x86.Build.0 = Debug|Any CPU
		{3868AC2B-0FCD-4487-9A9A-28343B8A96AA}.Release|Any CPU.ActiveCfg = Release|Any CPU
		{3868AC2B-0FCD-4487-9A9A-28343B8A96AA}.Release|Any CPU.Build.0 = Release|Any CPU
		{3868AC2B-0FCD-4487-9A9A-28343B8A96AA}.Release|x64.ActiveCfg = Release|Any CPU
		{3868AC2B-0FCD-4487-9A9A-28343B8A96AA}.Release|x64.Build.0 = Release|Any CPU
		{3868AC2B-0FCD-4487-9A9A-28343B8A96AA}.Release|x86.ActiveCfg = Release|Any CPU
		{3868AC2B-0FCD-4487-9A9A-28343B8A96AA}.Release|x86.Build.0 = Release|Any CPU
		{C664CCFB-ED7C-479C-85B9-46D3C2F3E0AA}.Debug|Any CPU.ActiveCfg = Debug|Any CPU
		{C664CCFB-ED7C-479C-85B9-46D3C2F3E0AA}.Debug|Any CPU.Build.0 = Debug|Any CPU
		{C664CCFB-ED7C-479C-85B9-46D3C2F3E0AA}.Debug|x64.ActiveCfg = Debug|Any CPU
		{C664CCFB-ED7C-479C-85B9-46D3C2F3E0AA}.Debug|x64.Build.0 = Debug|Any CPU
		{C664CCFB-ED7C-479C-85B9-46D3C2F3E0AA}.Debug|x86.ActiveCfg = Debug|Any CPU
		{C664CCFB-ED7C-479C-85B9-46D3C2F3E0AA}.Debug|x86.Build.0 = Debug|Any CPU
		{C664CCFB-ED7C-479C-85B9-46D3C2F3E0AA}.Release|Any CPU.ActiveCfg = Release|Any CPU
		{C664CCFB-ED7C-479C-85B9-46D3C2F3E0AA}.Release|Any CPU.Build.0 = Release|Any CPU
		{C664CCFB-ED7C-479C-85B9-46D3C2F3E0AA}.Release|x64.ActiveCfg = Release|Any CPU
		{C664CCFB-ED7C-479C-85B9-46D3C2F3E0AA}.Release|x64.Build.0 = Release|Any CPU
		{C664CCFB-ED7C-479C-85B9-46D3C2F3E0AA}.Release|x86.ActiveCfg = Release|Any CPU
		{C664CCFB-ED7C-479C-85B9-46D3C2F3E0AA}.Release|x86.Build.0 = Release|Any CPU
		{6177B03E-398F-421B-B554-357F6766756F}.Debug|Any CPU.ActiveCfg = Debug|Any CPU
		{6177B03E-398F-421B-B554-357F6766756F}.Debug|Any CPU.Build.0 = Debug|Any CPU
		{6177B03E-398F-421B-B554-357F6766756F}.Debug|x64.ActiveCfg = Debug|Any CPU
		{6177B03E-398F-421B-B554-357F6766756F}.Debug|x64.Build.0 = Debug|Any CPU
		{6177B03E-398F-421B-B554-357F6766756F}.Debug|x86.ActiveCfg = Debug|Any CPU
		{6177B03E-398F-421B-B554-357F6766756F}.Debug|x86.Build.0 = Debug|Any CPU
		{6177B03E-398F-421B-B554-357F6766756F}.Release|Any CPU.ActiveCfg = Release|Any CPU
		{6177B03E-398F-421B-B554-357F6766756F}.Release|Any CPU.Build.0 = Release|Any CPU
		{6177B03E-398F-421B-B554-357F6766756F}.Release|x64.ActiveCfg = Release|Any CPU
		{6177B03E-398F-421B-B554-357F6766756F}.Release|x64.Build.0 = Release|Any CPU
		{6177B03E-398F-421B-B554-357F6766756F}.Release|x86.ActiveCfg = Release|Any CPU
		{6177B03E-398F-421B-B554-357F6766756F}.Release|x86.Build.0 = Release|Any CPU
		{1940E19E-53CC-438F-9FE1-DC6CE7BA5152}.Debug|Any CPU.ActiveCfg = Debug|Any CPU
		{1940E19E-53CC-438F-9FE1-DC6CE7BA5152}.Debug|Any CPU.Build.0 = Debug|Any CPU
		{1940E19E-53CC-438F-9FE1-DC6CE7BA5152}.Debug|x64.ActiveCfg = Debug|Any CPU
		{1940E19E-53CC-438F-9FE1-DC6CE7BA5152}.Debug|x64.Build.0 = Debug|Any CPU
		{1940E19E-53CC-438F-9FE1-DC6CE7BA5152}.Debug|x86.ActiveCfg = Debug|Any CPU
		{1940E19E-53CC-438F-9FE1-DC6CE7BA5152}.Debug|x86.Build.0 = Debug|Any CPU
		{1940E19E-53CC-438F-9FE1-DC6CE7BA5152}.Release|Any CPU.ActiveCfg = Release|Any CPU
		{1940E19E-53CC-438F-9FE1-DC6CE7BA5152}.Release|Any CPU.Build.0 = Release|Any CPU
		{1940E19E-53CC-438F-9FE1-DC6CE7BA5152}.Release|x64.ActiveCfg = Release|Any CPU
		{1940E19E-53CC-438F-9FE1-DC6CE7BA5152}.Release|x64.Build.0 = Release|Any CPU
		{1940E19E-53CC-438F-9FE1-DC6CE7BA5152}.Release|x86.ActiveCfg = Release|Any CPU
		{1940E19E-53CC-438F-9FE1-DC6CE7BA5152}.Release|x86.Build.0 = Release|Any CPU
		{9AF07EE9-0DED-4C2D-B7E1-518B4E825CC7}.Debug|Any CPU.ActiveCfg = Debug|Any CPU
		{9AF07EE9-0DED-4C2D-B7E1-518B4E825CC7}.Debug|Any CPU.Build.0 = Debug|Any CPU
		{9AF07EE9-0DED-4C2D-B7E1-518B4E825CC7}.Debug|x64.ActiveCfg = Debug|Any CPU
		{9AF07EE9-0DED-4C2D-B7E1-518B4E825CC7}.Debug|x64.Build.0 = Debug|Any CPU
		{9AF07EE9-0DED-4C2D-B7E1-518B4E825CC7}.Debug|x86.ActiveCfg = Debug|Any CPU
		{9AF07EE9-0DED-4C2D-B7E1-518B4E825CC7}.Debug|x86.Build.0 = Debug|Any CPU
		{9AF07EE9-0DED-4C2D-B7E1-518B4E825CC7}.Release|Any CPU.ActiveCfg = Release|Any CPU
		{9AF07EE9-0DED-4C2D-B7E1-518B4E825CC7}.Release|Any CPU.Build.0 = Release|Any CPU
		{9AF07EE9-0DED-4C2D-B7E1-518B4E825CC7}.Release|x64.ActiveCfg = Release|Any CPU
		{9AF07EE9-0DED-4C2D-B7E1-518B4E825CC7}.Release|x64.Build.0 = Release|Any CPU
		{9AF07EE9-0DED-4C2D-B7E1-518B4E825CC7}.Release|x86.ActiveCfg = Release|Any CPU
		{9AF07EE9-0DED-4C2D-B7E1-518B4E825CC7}.Release|x86.Build.0 = Release|Any CPU
		{1EE948F0-F4AF-4D92-9E20-84ED8B98B555}.Debug|Any CPU.ActiveCfg = Debug|Any CPU
		{1EE948F0-F4AF-4D92-9E20-84ED8B98B555}.Debug|Any CPU.Build.0 = Debug|Any CPU
		{1EE948F0-F4AF-4D92-9E20-84ED8B98B555}.Debug|x64.ActiveCfg = Debug|Any CPU
		{1EE948F0-F4AF-4D92-9E20-84ED8B98B555}.Debug|x64.Build.0 = Debug|Any CPU
		{1EE948F0-F4AF-4D92-9E20-84ED8B98B555}.Debug|x86.ActiveCfg = Debug|Any CPU
		{1EE948F0-F4AF-4D92-9E20-84ED8B98B555}.Debug|x86.Build.0 = Debug|Any CPU
		{1EE948F0-F4AF-4D92-9E20-84ED8B98B555}.Release|Any CPU.ActiveCfg = Release|Any CPU
		{1EE948F0-F4AF-4D92-9E20-84ED8B98B555}.Release|Any CPU.Build.0 = Release|Any CPU
		{1EE948F0-F4AF-4D92-9E20-84ED8B98B555}.Release|x64.ActiveCfg = Release|Any CPU
		{1EE948F0-F4AF-4D92-9E20-84ED8B98B555}.Release|x64.Build.0 = Release|Any CPU
		{1EE948F0-F4AF-4D92-9E20-84ED8B98B555}.Release|x86.ActiveCfg = Release|Any CPU
		{1EE948F0-F4AF-4D92-9E20-84ED8B98B555}.Release|x86.Build.0 = Release|Any CPU
		{94326389-FA14-478B-B1DA-676488A4C038}.Debug|Any CPU.ActiveCfg = Debug|Any CPU
		{94326389-FA14-478B-B1DA-676488A4C038}.Debug|Any CPU.Build.0 = Debug|Any CPU
		{94326389-FA14-478B-B1DA-676488A4C038}.Debug|x64.ActiveCfg = Debug|Any CPU
		{94326389-FA14-478B-B1DA-676488A4C038}.Debug|x64.Build.0 = Debug|Any CPU
		{94326389-FA14-478B-B1DA-676488A4C038}.Debug|x86.ActiveCfg = Debug|Any CPU
		{94326389-FA14-478B-B1DA-676488A4C038}.Debug|x86.Build.0 = Debug|Any CPU
		{94326389-FA14-478B-B1DA-676488A4C038}.Release|Any CPU.ActiveCfg = Release|Any CPU
		{94326389-FA14-478B-B1DA-676488A4C038}.Release|Any CPU.Build.0 = Release|Any CPU
		{94326389-FA14-478B-B1DA-676488A4C038}.Release|x64.ActiveCfg = Release|Any CPU
		{94326389-FA14-478B-B1DA-676488A4C038}.Release|x64.Build.0 = Release|Any CPU
		{94326389-FA14-478B-B1DA-676488A4C038}.Release|x86.ActiveCfg = Release|Any CPU
		{94326389-FA14-478B-B1DA-676488A4C038}.Release|x86.Build.0 = Release|Any CPU
		{0ED46AF4-EE05-4099-B711-EC9C63B5F03F}.Debug|Any CPU.ActiveCfg = Debug|Any CPU
		{0ED46AF4-EE05-4099-B711-EC9C63B5F03F}.Debug|Any CPU.Build.0 = Debug|Any CPU
		{0ED46AF4-EE05-4099-B711-EC9C63B5F03F}.Debug|x64.ActiveCfg = Debug|Any CPU
		{0ED46AF4-EE05-4099-B711-EC9C63B5F03F}.Debug|x64.Build.0 = Debug|Any CPU
		{0ED46AF4-EE05-4099-B711-EC9C63B5F03F}.Debug|x86.ActiveCfg = Debug|Any CPU
		{0ED46AF4-EE05-4099-B711-EC9C63B5F03F}.Debug|x86.Build.0 = Debug|Any CPU
		{0ED46AF4-EE05-4099-B711-EC9C63B5F03F}.Release|Any CPU.ActiveCfg = Release|Any CPU
		{0ED46AF4-EE05-4099-B711-EC9C63B5F03F}.Release|Any CPU.Build.0 = Release|Any CPU
		{0ED46AF4-EE05-4099-B711-EC9C63B5F03F}.Release|x64.ActiveCfg = Release|Any CPU
		{0ED46AF4-EE05-4099-B711-EC9C63B5F03F}.Release|x64.Build.0 = Release|Any CPU
		{0ED46AF4-EE05-4099-B711-EC9C63B5F03F}.Release|x86.ActiveCfg = Release|Any CPU
		{0ED46AF4-EE05-4099-B711-EC9C63B5F03F}.Release|x86.Build.0 = Release|Any CPU
		{190C1FDF-689A-43E5-830D-9F3BF81A2783}.Debug|Any CPU.ActiveCfg = Debug|Any CPU
		{190C1FDF-689A-43E5-830D-9F3BF81A2783}.Debug|Any CPU.Build.0 = Debug|Any CPU
		{190C1FDF-689A-43E5-830D-9F3BF81A2783}.Debug|x64.ActiveCfg = Debug|Any CPU
		{190C1FDF-689A-43E5-830D-9F3BF81A2783}.Debug|x64.Build.0 = Debug|Any CPU
		{190C1FDF-689A-43E5-830D-9F3BF81A2783}.Debug|x86.ActiveCfg = Debug|Any CPU
		{190C1FDF-689A-43E5-830D-9F3BF81A2783}.Debug|x86.Build.0 = Debug|Any CPU
		{190C1FDF-689A-43E5-830D-9F3BF81A2783}.Release|Any CPU.ActiveCfg = Release|Any CPU
		{190C1FDF-689A-43E5-830D-9F3BF81A2783}.Release|Any CPU.Build.0 = Release|Any CPU
		{190C1FDF-689A-43E5-830D-9F3BF81A2783}.Release|x64.ActiveCfg = Release|Any CPU
		{190C1FDF-689A-43E5-830D-9F3BF81A2783}.Release|x64.Build.0 = Release|Any CPU
		{190C1FDF-689A-43E5-830D-9F3BF81A2783}.Release|x86.ActiveCfg = Release|Any CPU
		{190C1FDF-689A-43E5-830D-9F3BF81A2783}.Release|x86.Build.0 = Release|Any CPU
		{44CD35BF-9FE9-44FA-9CFB-7F88443186F8}.Debug|Any CPU.ActiveCfg = Debug|Any CPU
		{44CD35BF-9FE9-44FA-9CFB-7F88443186F8}.Debug|Any CPU.Build.0 = Debug|Any CPU
		{44CD35BF-9FE9-44FA-9CFB-7F88443186F8}.Debug|x64.ActiveCfg = Debug|Any CPU
		{44CD35BF-9FE9-44FA-9CFB-7F88443186F8}.Debug|x64.Build.0 = Debug|Any CPU
		{44CD35BF-9FE9-44FA-9CFB-7F88443186F8}.Debug|x86.ActiveCfg = Debug|Any CPU
		{44CD35BF-9FE9-44FA-9CFB-7F88443186F8}.Debug|x86.Build.0 = Debug|Any CPU
		{44CD35BF-9FE9-44FA-9CFB-7F88443186F8}.Release|Any CPU.ActiveCfg = Release|Any CPU
		{44CD35BF-9FE9-44FA-9CFB-7F88443186F8}.Release|Any CPU.Build.0 = Release|Any CPU
		{44CD35BF-9FE9-44FA-9CFB-7F88443186F8}.Release|x64.ActiveCfg = Release|Any CPU
		{44CD35BF-9FE9-44FA-9CFB-7F88443186F8}.Release|x64.Build.0 = Release|Any CPU
		{44CD35BF-9FE9-44FA-9CFB-7F88443186F8}.Release|x86.ActiveCfg = Release|Any CPU
		{44CD35BF-9FE9-44FA-9CFB-7F88443186F8}.Release|x86.Build.0 = Release|Any CPU
		{5EBCDC75-2456-4114-BA99-6CC29BFAFADD}.Debug|Any CPU.ActiveCfg = Debug|Any CPU
		{5EBCDC75-2456-4114-BA99-6CC29BFAFADD}.Debug|Any CPU.Build.0 = Debug|Any CPU
		{5EBCDC75-2456-4114-BA99-6CC29BFAFADD}.Debug|x64.ActiveCfg = Debug|Any CPU
		{5EBCDC75-2456-4114-BA99-6CC29BFAFADD}.Debug|x64.Build.0 = Debug|Any CPU
		{5EBCDC75-2456-4114-BA99-6CC29BFAFADD}.Debug|x86.ActiveCfg = Debug|Any CPU
		{5EBCDC75-2456-4114-BA99-6CC29BFAFADD}.Debug|x86.Build.0 = Debug|Any CPU
		{5EBCDC75-2456-4114-BA99-6CC29BFAFADD}.Release|Any CPU.ActiveCfg = Release|Any CPU
		{5EBCDC75-2456-4114-BA99-6CC29BFAFADD}.Release|Any CPU.Build.0 = Release|Any CPU
		{5EBCDC75-2456-4114-BA99-6CC29BFAFADD}.Release|x64.ActiveCfg = Release|Any CPU
		{5EBCDC75-2456-4114-BA99-6CC29BFAFADD}.Release|x64.Build.0 = Release|Any CPU
		{5EBCDC75-2456-4114-BA99-6CC29BFAFADD}.Release|x86.ActiveCfg = Release|Any CPU
		{5EBCDC75-2456-4114-BA99-6CC29BFAFADD}.Release|x86.Build.0 = Release|Any CPU
		{EE0F4880-097D-4231-B691-976A947A3248}.Debug|Any CPU.ActiveCfg = Debug|Any CPU
		{EE0F4880-097D-4231-B691-976A947A3248}.Debug|Any CPU.Build.0 = Debug|Any CPU
		{EE0F4880-097D-4231-B691-976A947A3248}.Debug|x64.ActiveCfg = Debug|Any CPU
		{EE0F4880-097D-4231-B691-976A947A3248}.Debug|x64.Build.0 = Debug|Any CPU
		{EE0F4880-097D-4231-B691-976A947A3248}.Debug|x86.ActiveCfg = Debug|Any CPU
		{EE0F4880-097D-4231-B691-976A947A3248}.Debug|x86.Build.0 = Debug|Any CPU
		{EE0F4880-097D-4231-B691-976A947A3248}.Release|Any CPU.ActiveCfg = Release|Any CPU
		{EE0F4880-097D-4231-B691-976A947A3248}.Release|Any CPU.Build.0 = Release|Any CPU
		{EE0F4880-097D-4231-B691-976A947A3248}.Release|x64.ActiveCfg = Release|Any CPU
		{EE0F4880-097D-4231-B691-976A947A3248}.Release|x64.Build.0 = Release|Any CPU
		{EE0F4880-097D-4231-B691-976A947A3248}.Release|x86.ActiveCfg = Release|Any CPU
		{EE0F4880-097D-4231-B691-976A947A3248}.Release|x86.Build.0 = Release|Any CPU
		{D9F95AA7-0927-4FB1-944B-F46993B77710}.Debug|Any CPU.ActiveCfg = Debug|Any CPU
		{D9F95AA7-0927-4FB1-944B-F46993B77710}.Debug|Any CPU.Build.0 = Debug|Any CPU
		{D9F95AA7-0927-4FB1-944B-F46993B77710}.Debug|x64.ActiveCfg = Debug|Any CPU
		{D9F95AA7-0927-4FB1-944B-F46993B77710}.Debug|x64.Build.0 = Debug|Any CPU
		{D9F95AA7-0927-4FB1-944B-F46993B77710}.Debug|x86.ActiveCfg = Debug|Any CPU
		{D9F95AA7-0927-4FB1-944B-F46993B77710}.Debug|x86.Build.0 = Debug|Any CPU
		{D9F95AA7-0927-4FB1-944B-F46993B77710}.Release|Any CPU.ActiveCfg = Release|Any CPU
		{D9F95AA7-0927-4FB1-944B-F46993B77710}.Release|Any CPU.Build.0 = Release|Any CPU
		{D9F95AA7-0927-4FB1-944B-F46993B77710}.Release|x64.ActiveCfg = Release|Any CPU
		{D9F95AA7-0927-4FB1-944B-F46993B77710}.Release|x64.Build.0 = Release|Any CPU
		{D9F95AA7-0927-4FB1-944B-F46993B77710}.Release|x86.ActiveCfg = Release|Any CPU
		{D9F95AA7-0927-4FB1-944B-F46993B77710}.Release|x86.Build.0 = Release|Any CPU
		{3A0FD571-2BCB-4DE0-9178-276BD85871BE}.Debug|Any CPU.ActiveCfg = Debug|Any CPU
		{3A0FD571-2BCB-4DE0-9178-276BD85871BE}.Debug|Any CPU.Build.0 = Debug|Any CPU
		{3A0FD571-2BCB-4DE0-9178-276BD85871BE}.Debug|x64.ActiveCfg = Debug|Any CPU
		{3A0FD571-2BCB-4DE0-9178-276BD85871BE}.Debug|x64.Build.0 = Debug|Any CPU
		{3A0FD571-2BCB-4DE0-9178-276BD85871BE}.Debug|x86.ActiveCfg = Debug|Any CPU
		{3A0FD571-2BCB-4DE0-9178-276BD85871BE}.Debug|x86.Build.0 = Debug|Any CPU
		{3A0FD571-2BCB-4DE0-9178-276BD85871BE}.Release|Any CPU.ActiveCfg = Release|Any CPU
		{3A0FD571-2BCB-4DE0-9178-276BD85871BE}.Release|Any CPU.Build.0 = Release|Any CPU
		{3A0FD571-2BCB-4DE0-9178-276BD85871BE}.Release|x64.ActiveCfg = Release|Any CPU
		{3A0FD571-2BCB-4DE0-9178-276BD85871BE}.Release|x64.Build.0 = Release|Any CPU
		{3A0FD571-2BCB-4DE0-9178-276BD85871BE}.Release|x86.ActiveCfg = Release|Any CPU
		{3A0FD571-2BCB-4DE0-9178-276BD85871BE}.Release|x86.Build.0 = Release|Any CPU
		{0D56D043-1327-4E8D-BA2F-BA06F696C6C4}.Debug|Any CPU.ActiveCfg = Debug|Any CPU
		{0D56D043-1327-4E8D-BA2F-BA06F696C6C4}.Debug|Any CPU.Build.0 = Debug|Any CPU
		{0D56D043-1327-4E8D-BA2F-BA06F696C6C4}.Debug|x64.ActiveCfg = Debug|Any CPU
		{0D56D043-1327-4E8D-BA2F-BA06F696C6C4}.Debug|x64.Build.0 = Debug|Any CPU
		{0D56D043-1327-4E8D-BA2F-BA06F696C6C4}.Debug|x86.ActiveCfg = Debug|Any CPU
		{0D56D043-1327-4E8D-BA2F-BA06F696C6C4}.Debug|x86.Build.0 = Debug|Any CPU
		{0D56D043-1327-4E8D-BA2F-BA06F696C6C4}.Release|Any CPU.ActiveCfg = Release|Any CPU
		{0D56D043-1327-4E8D-BA2F-BA06F696C6C4}.Release|Any CPU.Build.0 = Release|Any CPU
		{0D56D043-1327-4E8D-BA2F-BA06F696C6C4}.Release|x64.ActiveCfg = Release|Any CPU
		{0D56D043-1327-4E8D-BA2F-BA06F696C6C4}.Release|x64.Build.0 = Release|Any CPU
		{0D56D043-1327-4E8D-BA2F-BA06F696C6C4}.Release|x86.ActiveCfg = Release|Any CPU
		{0D56D043-1327-4E8D-BA2F-BA06F696C6C4}.Release|x86.Build.0 = Release|Any CPU
		{D737AF57-BF47-4791-876B-C72B18BDB887}.Debug|Any CPU.ActiveCfg = Debug|Any CPU
		{D737AF57-BF47-4791-876B-C72B18BDB887}.Debug|Any CPU.Build.0 = Debug|Any CPU
		{D737AF57-BF47-4791-876B-C72B18BDB887}.Debug|x64.ActiveCfg = Debug|Any CPU
		{D737AF57-BF47-4791-876B-C72B18BDB887}.Debug|x64.Build.0 = Debug|Any CPU
		{D737AF57-BF47-4791-876B-C72B18BDB887}.Debug|x86.ActiveCfg = Debug|Any CPU
		{D737AF57-BF47-4791-876B-C72B18BDB887}.Debug|x86.Build.0 = Debug|Any CPU
		{D737AF57-BF47-4791-876B-C72B18BDB887}.Release|Any CPU.ActiveCfg = Release|Any CPU
		{D737AF57-BF47-4791-876B-C72B18BDB887}.Release|Any CPU.Build.0 = Release|Any CPU
		{D737AF57-BF47-4791-876B-C72B18BDB887}.Release|x64.ActiveCfg = Release|Any CPU
		{D737AF57-BF47-4791-876B-C72B18BDB887}.Release|x64.Build.0 = Release|Any CPU
		{D737AF57-BF47-4791-876B-C72B18BDB887}.Release|x86.ActiveCfg = Release|Any CPU
		{D737AF57-BF47-4791-876B-C72B18BDB887}.Release|x86.Build.0 = Release|Any CPU
		{090D3F12-10B2-452D-B58A-00D6C5CDD249}.Debug|Any CPU.ActiveCfg = Debug|Any CPU
		{090D3F12-10B2-452D-B58A-00D6C5CDD249}.Debug|Any CPU.Build.0 = Debug|Any CPU
		{090D3F12-10B2-452D-B58A-00D6C5CDD249}.Debug|x64.ActiveCfg = Debug|Any CPU
		{090D3F12-10B2-452D-B58A-00D6C5CDD249}.Debug|x64.Build.0 = Debug|Any CPU
		{090D3F12-10B2-452D-B58A-00D6C5CDD249}.Debug|x86.ActiveCfg = Debug|Any CPU
		{090D3F12-10B2-452D-B58A-00D6C5CDD249}.Debug|x86.Build.0 = Debug|Any CPU
		{090D3F12-10B2-452D-B58A-00D6C5CDD249}.Release|Any CPU.ActiveCfg = Release|Any CPU
		{090D3F12-10B2-452D-B58A-00D6C5CDD249}.Release|Any CPU.Build.0 = Release|Any CPU
		{090D3F12-10B2-452D-B58A-00D6C5CDD249}.Release|x64.ActiveCfg = Release|Any CPU
		{090D3F12-10B2-452D-B58A-00D6C5CDD249}.Release|x64.Build.0 = Release|Any CPU
		{090D3F12-10B2-452D-B58A-00D6C5CDD249}.Release|x86.ActiveCfg = Release|Any CPU
		{090D3F12-10B2-452D-B58A-00D6C5CDD249}.Release|x86.Build.0 = Release|Any CPU
		{06B1C64E-DE03-484B-BB1E-6884556B44A8}.Debug|Any CPU.ActiveCfg = Debug|Any CPU
		{06B1C64E-DE03-484B-BB1E-6884556B44A8}.Debug|Any CPU.Build.0 = Debug|Any CPU
		{06B1C64E-DE03-484B-BB1E-6884556B44A8}.Debug|x64.ActiveCfg = Debug|Any CPU
		{06B1C64E-DE03-484B-BB1E-6884556B44A8}.Debug|x64.Build.0 = Debug|Any CPU
		{06B1C64E-DE03-484B-BB1E-6884556B44A8}.Debug|x86.ActiveCfg = Debug|Any CPU
		{06B1C64E-DE03-484B-BB1E-6884556B44A8}.Debug|x86.Build.0 = Debug|Any CPU
		{06B1C64E-DE03-484B-BB1E-6884556B44A8}.Release|Any CPU.ActiveCfg = Release|Any CPU
		{06B1C64E-DE03-484B-BB1E-6884556B44A8}.Release|Any CPU.Build.0 = Release|Any CPU
		{06B1C64E-DE03-484B-BB1E-6884556B44A8}.Release|x64.ActiveCfg = Release|Any CPU
		{06B1C64E-DE03-484B-BB1E-6884556B44A8}.Release|x64.Build.0 = Release|Any CPU
		{06B1C64E-DE03-484B-BB1E-6884556B44A8}.Release|x86.ActiveCfg = Release|Any CPU
		{06B1C64E-DE03-484B-BB1E-6884556B44A8}.Release|x86.Build.0 = Release|Any CPU
		{A2C13DED-E44D-45F6-97F7-7CA09BF94B59}.Debug|Any CPU.ActiveCfg = Debug|Any CPU
		{A2C13DED-E44D-45F6-97F7-7CA09BF94B59}.Debug|Any CPU.Build.0 = Debug|Any CPU
		{A2C13DED-E44D-45F6-97F7-7CA09BF94B59}.Debug|x64.ActiveCfg = Debug|Any CPU
		{A2C13DED-E44D-45F6-97F7-7CA09BF94B59}.Debug|x64.Build.0 = Debug|Any CPU
		{A2C13DED-E44D-45F6-97F7-7CA09BF94B59}.Debug|x86.ActiveCfg = Debug|Any CPU
		{A2C13DED-E44D-45F6-97F7-7CA09BF94B59}.Debug|x86.Build.0 = Debug|Any CPU
		{A2C13DED-E44D-45F6-97F7-7CA09BF94B59}.Release|Any CPU.ActiveCfg = Release|Any CPU
		{A2C13DED-E44D-45F6-97F7-7CA09BF94B59}.Release|Any CPU.Build.0 = Release|Any CPU
		{A2C13DED-E44D-45F6-97F7-7CA09BF94B59}.Release|x64.ActiveCfg = Release|Any CPU
		{A2C13DED-E44D-45F6-97F7-7CA09BF94B59}.Release|x64.Build.0 = Release|Any CPU
		{A2C13DED-E44D-45F6-97F7-7CA09BF94B59}.Release|x86.ActiveCfg = Release|Any CPU
		{A2C13DED-E44D-45F6-97F7-7CA09BF94B59}.Release|x86.Build.0 = Release|Any CPU
		{4AB35676-D71E-4EF3-BA47-92CD16FDB7C4}.Debug|Any CPU.ActiveCfg = Debug|Any CPU
		{4AB35676-D71E-4EF3-BA47-92CD16FDB7C4}.Debug|Any CPU.Build.0 = Debug|Any CPU
		{4AB35676-D71E-4EF3-BA47-92CD16FDB7C4}.Debug|x64.ActiveCfg = Debug|Any CPU
		{4AB35676-D71E-4EF3-BA47-92CD16FDB7C4}.Debug|x64.Build.0 = Debug|Any CPU
		{4AB35676-D71E-4EF3-BA47-92CD16FDB7C4}.Debug|x86.ActiveCfg = Debug|Any CPU
		{4AB35676-D71E-4EF3-BA47-92CD16FDB7C4}.Debug|x86.Build.0 = Debug|Any CPU
		{4AB35676-D71E-4EF3-BA47-92CD16FDB7C4}.Release|Any CPU.ActiveCfg = Release|Any CPU
		{4AB35676-D71E-4EF3-BA47-92CD16FDB7C4}.Release|Any CPU.Build.0 = Release|Any CPU
		{4AB35676-D71E-4EF3-BA47-92CD16FDB7C4}.Release|x64.ActiveCfg = Release|Any CPU
		{4AB35676-D71E-4EF3-BA47-92CD16FDB7C4}.Release|x64.Build.0 = Release|Any CPU
		{4AB35676-D71E-4EF3-BA47-92CD16FDB7C4}.Release|x86.ActiveCfg = Release|Any CPU
		{4AB35676-D71E-4EF3-BA47-92CD16FDB7C4}.Release|x86.Build.0 = Release|Any CPU
	EndGlobalSection
	GlobalSection(SolutionProperties) = preSolution
		HideSolutionNode = FALSE
	EndGlobalSection
EndGlobal
